{
  "name": "antidetect-browser",
  "version": "0.1.0",
  "lockfileVersion": 3,
  "requires": true,
  "packages": {
    "": {
      "name": "antidetect-browser",
      "version": "0.1.0",
      "bin": {
        "adb": "src/launch.js"
      },
      "engines": {
        "node": ">=18.0.0"
      }
    }
  }
}
